// !$*UTF8*$!
{
	archiveVersion = 1;
	classes = {
	};
	objectVersion = 46;
	objects = {

/* Begin PBXBuildFile section */
		D33CA06714EB149F006A499B /* AVFoundation.framework in Frameworks */ = {isa = PBXBuildFile; fileRef = D33CA06614EB149F006A499B /* AVFoundation.framework */; };
		D365003614F077B000E7548F /* absolutely.mp3 in Resources */ = {isa = PBXBuildFile; fileRef = D365002B14F077B000E7548F /* absolutely.mp3 */; };
		D365003714F077B000E7548F /* hi.mp3 in Resources */ = {isa = PBXBuildFile; fileRef = D365002C14F077B000E7548F /* hi.mp3 */; };
		D365003814F077B000E7548F /* how are you.mp3 in Resources */ = {isa = PBXBuildFile; fileRef = D365002D14F077B000E7548F /* how are you.mp3 */; };
		D365003914F077B000E7548F /* I did.mp3 in Resources */ = {isa = PBXBuildFile; fileRef = D365002E14F077B000E7548F /* I did.mp3 */; };
		D365003A14F077B000E7548F /* I guess so!.mp3 in Resources */ = {isa = PBXBuildFile; fileRef = D365002F14F077B000E7548F /* I guess so!.mp3 */; };
		D365003B14F077B000E7548F /* I have!.mp3 in Resources */ = {isa = PBXBuildFile; fileRef = D365003014F077B000E7548F /* I have!.mp3 */; };
		D365003C14F077B000E7548F /* if I were not....mp3 in Resources */ = {isa = PBXBuildFile; fileRef = D365003114F077B000E7548F /* if I were not....mp3 */; };
		D365003D14F077B000E7548F /* my goodness, yes.mp3 in Resources */ = {isa = PBXBuildFile; fileRef = D365003214F077B000E7548F /* my goodness, yes.mp3 */; };
		D365003E14F077B000E7548F /* no, I have not.mp3 in Resources */ = {isa = PBXBuildFile; fileRef = D365003314F077B000E7548F /* no, I have not.mp3 */; };
		D365003F14F077B000E7548F /* yes!.mp3 in Resources */ = {isa = PBXBuildFile; fileRef = D365003414F077B000E7548F /* yes!.mp3 */; };
		D365004014F077B000E7548F /* yes?.mp3 in Resources */ = {isa = PBXBuildFile; fileRef = D365003514F077B000E7548F /* yes?.mp3 */; };
		D3847CA414E9EE7100168E61 /* UIKit.framework in Frameworks */ = {isa = PBXBuildFile; fileRef = D3847CA314E9EE7100168E61 /* UIKit.framework */; };
		D3847CA614E9EE7100168E61 /* Foundation.framework in Frameworks */ = {isa = PBXBuildFile; fileRef = D3847CA514E9EE7100168E61 /* Foundation.framework */; };
		D3847CA814E9EE7100168E61 /* CoreGraphics.framework in Frameworks */ = {isa = PBXBuildFile; fileRef = D3847CA714E9EE7100168E61 /* CoreGraphics.framework */; };
		D3847CAE14E9EE7100168E61 /* InfoPlist.strings in Resources */ = {isa = PBXBuildFile; fileRef = D3847CAC14E9EE7100168E61 /* InfoPlist.strings */; };
		D3847CB014E9EE7100168E61 /* main.m in Sources */ = {isa = PBXBuildFile; fileRef = D3847CAF14E9EE7100168E61 /* main.m */; };
		D3847CB414E9EE7100168E61 /* AppDelegate.m in Sources */ = {isa = PBXBuildFile; fileRef = D3847CB314E9EE7100168E61 /* AppDelegate.m */; };
		D3847CB714E9EE7100168E61 /* ViewController.m in Sources */ = {isa = PBXBuildFile; fileRef = D3847CB614E9EE7100168E61 /* ViewController.m */; };
		D3847CBA14E9EE7100168E61 /* ViewController.xib in Resources */ = {isa = PBXBuildFile; fileRef = D3847CB814E9EE7100168E61 /* ViewController.xib */; };
		D3E327DB14EDB42B00123744 /* at_test.gif in Resources */ = {isa = PBXBuildFile; fileRef = D3E327DA14EDB42B00123744 /* at_test.gif */; };
		D3E327DE14EDB66C00123744 /* finn.png in Resources */ = {isa = PBXBuildFile; fileRef = D3E327DD14EDB66C00123744 /* finn.png */; };
		D3E327E214EDB97F00123744 /* iceking.png in Resources */ = {isa = PBXBuildFile; fileRef = D3E327DF14EDB97F00123744 /* iceking.png */; };
		D3E327E314EDB97F00123744 /* jake.png in Resources */ = {isa = PBXBuildFile; fileRef = D3E327E014EDB97F00123744 /* jake.png */; };
		D3E327E414EDB97F00123744 /* lumpy.png in Resources */ = {isa = PBXBuildFile; fileRef = D3E327E114EDB97F00123744 /* lumpy.png */; };
/* End PBXBuildFile section */

/* Begin PBXFileReference section */
		D33CA06614EB149F006A499B /* AVFoundation.framework */ = {isa = PBXFileReference; lastKnownFileType = wrapper.framework; name = AVFoundation.framework; path = System/Library/Frameworks/AVFoundation.framework; sourceTree = SDKROOT; };
		D365002B14F077B000E7548F /* absolutely.mp3 */ = {isa = PBXFileReference; lastKnownFileType = audio.mp3; path = absolutely.mp3; sourceTree = "<group>"; };
		D365002C14F077B000E7548F /* hi.mp3 */ = {isa = PBXFileReference; lastKnownFileType = audio.mp3; path = hi.mp3; sourceTree = "<group>"; };
		D365002D14F077B000E7548F /* how are you.mp3 */ = {isa = PBXFileReference; lastKnownFileType = audio.mp3; path = "how are you.mp3"; sourceTree = "<group>"; };
		D365002E14F077B000E7548F /* I did.mp3 */ = {isa = PBXFileReference; lastKnownFileType = audio.mp3; path = "I did.mp3"; sourceTree = "<group>"; };
		D365002F14F077B000E7548F /* I guess so!.mp3 */ = {isa = PBXFileReference; lastKnownFileType = audio.mp3; path = "I guess so!.mp3"; sourceTree = "<group>"; };
		D365003014F077B000E7548F /* I have!.mp3 */ = {isa = PBXFileReference; lastKnownFileType = audio.mp3; path = "I have!.mp3"; sourceTree = "<group>"; };
		D365003114F077B000E7548F /* if I were not....mp3 */ = {isa = PBXFileReference; lastKnownFileType = audio.mp3; path = "if I were not....mp3"; sourceTree = "<group>"; };
		D365003214F077B000E7548F /* my goodness, yes.mp3 */ = {isa = PBXFileReference; lastKnownFileType = audio.mp3; path = "my goodness, yes.mp3"; sourceTree = "<group>"; };
		D365003314F077B000E7548F /* no, I have not.mp3 */ = {isa = PBXFileReference; lastKnownFileType = audio.mp3; path = "no, I have not.mp3"; sourceTree = "<group>"; };
		D365003414F077B000E7548F /* yes!.mp3 */ = {isa = PBXFileReference; lastKnownFileType = audio.mp3; path = "yes!.mp3"; sourceTree = "<group>"; };
		D365003514F077B000E7548F /* yes?.mp3 */ = {isa = PBXFileReference; lastKnownFileType = audio.mp3; path = "yes?.mp3"; sourceTree = "<group>"; };
		D3847C9F14E9EE7100168E61 /* AdventureBoard.app */ = {isa = PBXFileReference; explicitFileType = wrapper.application; includeInIndex = 0; path = AdventureBoard.app; sourceTree = BUILT_PRODUCTS_DIR; };
		D3847CA314E9EE7100168E61 /* UIKit.framework */ = {isa = PBXFileReference; lastKnownFileType = wrapper.framework; name = UIKit.framework; path = System/Library/Frameworks/UIKit.framework; sourceTree = SDKROOT; };
		D3847CA514E9EE7100168E61 /* Foundation.framework */ = {isa = PBXFileReference; lastKnownFileType = wrapper.framework; name = Foundation.framework; path = System/Library/Frameworks/Foundation.framework; sourceTree = SDKROOT; };
		D3847CA714E9EE7100168E61 /* CoreGraphics.framework */ = {isa = PBXFileReference; lastKnownFileType = wrapper.framework; name = CoreGraphics.framework; path = System/Library/Frameworks/CoreGraphics.framework; sourceTree = SDKROOT; };
		D3847CAB14E9EE7100168E61 /* AdventureBoard-Info.plist */ = {isa = PBXFileReference; lastKnownFileType = text.plist.xml; path = "AdventureBoard-Info.plist"; sourceTree = "<group>"; };
		D3847CAD14E9EE7100168E61 /* en */ = {isa = PBXFileReference; lastKnownFileType = text.plist.strings; name = en; path = en.lproj/InfoPlist.strings; sourceTree = "<group>"; };
		D3847CAF14E9EE7100168E61 /* main.m */ = {isa = PBXFileReference; lastKnownFileType = sourcecode.c.objc; path = main.m; sourceTree = "<group>"; };
		D3847CB114E9EE7100168E61 /* AdventureBoard-Prefix.pch */ = {isa = PBXFileReference; lastKnownFileType = sourcecode.c.h; path = "AdventureBoard-Prefix.pch"; sourceTree = "<group>"; };
		D3847CB214E9EE7100168E61 /* AppDelegate.h */ = {isa = PBXFileReference; lastKnownFileType = sourcecode.c.h; path = AppDelegate.h; sourceTree = "<group>"; };
		D3847CB314E9EE7100168E61 /* AppDelegate.m */ = {isa = PBXFileReference; lastKnownFileType = sourcecode.c.objc; path = AppDelegate.m; sourceTree = "<group>"; };
		D3847CB514E9EE7100168E61 /* ViewController.h */ = {isa = PBXFileReference; lastKnownFileType = sourcecode.c.h; path = ViewController.h; sourceTree = "<group>"; };
		D3847CB614E9EE7100168E61 /* ViewController.m */ = {isa = PBXFileReference; lastKnownFileType = sourcecode.c.objc; path = ViewController.m; sourceTree = "<group>"; };
		D3847CB914E9EE7100168E61 /* en */ = {isa = PBXFileReference; lastKnownFileType = file.xib; name = en; path = en.lproj/ViewController.xib; sourceTree = "<group>"; };
		D3E327DA14EDB42B00123744 /* at_test.gif */ = {isa = PBXFileReference; lastKnownFileType = image.gif; path = at_test.gif; sourceTree = "<group>"; };
		D3E327DD14EDB66C00123744 /* finn.png */ = {isa = PBXFileReference; lastKnownFileType = image.png; path = finn.png; sourceTree = "<group>"; };
		D3E327DF14EDB97F00123744 /* iceking.png */ = {isa = PBXFileReference; lastKnownFileType = image.png; path = iceking.png; sourceTree = "<group>"; };
		D3E327E014EDB97F00123744 /* jake.png */ = {isa = PBXFileReference; lastKnownFileType = image.png; path = jake.png; sourceTree = "<group>"; };
		D3E327E114EDB97F00123744 /* lumpy.png */ = {isa = PBXFileReference; lastKnownFileType = image.png; path = lumpy.png; sourceTree = "<group>"; };
/* End PBXFileReference section */

/* Begin PBXFrameworksBuildPhase section */
		D3847C9C14E9EE7100168E61 /* Frameworks */ = {
			isa = PBXFrameworksBuildPhase;
			buildActionMask = 2147483647;
			files = (
				D33CA06714EB149F006A499B /* AVFoundation.framework in Frameworks */,
				D3847CA414E9EE7100168E61 /* UIKit.framework in Frameworks */,
				D3847CA614E9EE7100168E61 /* Foundation.framework in Frameworks */,
				D3847CA814E9EE7100168E61 /* CoreGraphics.framework in Frameworks */,
			);
			runOnlyForDeploymentPostprocessing = 0;
		};
/* End PBXFrameworksBuildPhase section */

/* Begin PBXGroup section */
		D365002A14F077B000E7548F /* takei */ = {
			isa = PBXGroup;
			children = (
				D365002B14F077B000E7548F /* absolutely.mp3 */,
				D365002C14F077B000E7548F /* hi.mp3 */,
				D365002D14F077B000E7548F /* how are you.mp3 */,
				D365002E14F077B000E7548F /* I did.mp3 */,
				D365002F14F077B000E7548F /* I guess so!.mp3 */,
				D365003014F077B000E7548F /* I have!.mp3 */,
				D365003114F077B000E7548F /* if I were not....mp3 */,
				D365003214F077B000E7548F /* my goodness, yes.mp3 */,
				D365003314F077B000E7548F /* no, I have not.mp3 */,
				D365003414F077B000E7548F /* yes!.mp3 */,
				D365003514F077B000E7548F /* yes?.mp3 */,
			);
			path = takei;
			sourceTree = "<group>";
		};
		D3847C9414E9EE7100168E61 = {
			isa = PBXGroup;
			children = (
				D33CA06614EB149F006A499B /* AVFoundation.framework */,
				D3847CA914E9EE7100168E61 /* AdventureBoard */,
				D3847CA214E9EE7100168E61 /* Frameworks */,
				D3847CA014E9EE7100168E61 /* Products */,
			);
			sourceTree = "<group>";
		};
		D3847CA014E9EE7100168E61 /* Products */ = {
			isa = PBXGroup;
			children = (
				D3847C9F14E9EE7100168E61 /* AdventureBoard.app */,
			);
			name = Products;
			sourceTree = "<group>";
		};
		D3847CA214E9EE7100168E61 /* Frameworks */ = {
			isa = PBXGroup;
			children = (
				D3847CA314E9EE7100168E61 /* UIKit.framework */,
				D3847CA514E9EE7100168E61 /* Foundation.framework */,
				D3847CA714E9EE7100168E61 /* CoreGraphics.framework */,
			);
			name = Frameworks;
			sourceTree = "<group>";
		};
		D3847CA914E9EE7100168E61 /* AdventureBoard */ = {
			isa = PBXGroup;
			children = (
				D3847CB214E9EE7100168E61 /* AppDelegate.h */,
				D3847CB314E9EE7100168E61 /* AppDelegate.m */,
				D3847CB514E9EE7100168E61 /* ViewController.h */,
				D3847CB614E9EE7100168E61 /* ViewController.m */,
				D3847CB814E9EE7100168E61 /* ViewController.xib */,
				D3847CAA14E9EE7100168E61 /* Supporting Files */,
			);
			path = AdventureBoard;
			sourceTree = "<group>";
		};
		D3847CAA14E9EE7100168E61 /* Supporting Files */ = {
			isa = PBXGroup;
			children = (
				D365002A14F077B000E7548F /* takei */,
				D3847CAB14E9EE7100168E61 /* AdventureBoard-Info.plist */,
				D3E327DF14EDB97F00123744 /* iceking.png */,
				D3E327E014EDB97F00123744 /* jake.png */,
				D3E327E114EDB97F00123744 /* lumpy.png */,
				D3E327DA14EDB42B00123744 /* at_test.gif */,
				D3E327DD14EDB66C00123744 /* finn.png */,
				D3847CAC14E9EE7100168E61 /* InfoPlist.strings */,
				D3847CAF14E9EE7100168E61 /* main.m */,
				D3847CB114E9EE7100168E61 /* AdventureBoard-Prefix.pch */,
			);
			name = "Supporting Files";
			sourceTree = "<group>";
		};
/* End PBXGroup section */

/* Begin PBXNativeTarget section */
		D3847C9E14E9EE7100168E61 /* AdventureBoard */ = {
			isa = PBXNativeTarget;
			buildConfigurationList = D3847CBD14E9EE7100168E61 /* Build configuration list for PBXNativeTarget "AdventureBoard" */;
			buildPhases = (
				D3847C9B14E9EE7100168E61 /* Sources */,
				D3847C9C14E9EE7100168E61 /* Frameworks */,
				D3847C9D14E9EE7100168E61 /* Resources */,
			);
			buildRules = (
			);
			dependencies = (
			);
			name = AdventureBoard;
			productName = AdventureBoard;
			productReference = D3847C9F14E9EE7100168E61 /* AdventureBoard.app */;
			productType = "com.apple.product-type.application";
		};
/* End PBXNativeTarget section */

/* Begin PBXProject section */
		D3847C9614E9EE7100168E61 /* Project object */ = {
			isa = PBXProject;
			attributes = {
				LastUpgradeCheck = 0420;
			};
			buildConfigurationList = D3847C9914E9EE7100168E61 /* Build configuration list for PBXProject "AdventureBoard" */;
			compatibilityVersion = "Xcode 3.2";
			developmentRegion = English;
			hasScannedForEncodings = 0;
			knownRegions = (
				en,
			);
			mainGroup = D3847C9414E9EE7100168E61;
			productRefGroup = D3847CA014E9EE7100168E61 /* Products */;
			projectDirPath = "";
			projectRoot = "";
			targets = (
				D3847C9E14E9EE7100168E61 /* AdventureBoard */,
			);
		};
/* End PBXProject section */

/* Begin PBXResourcesBuildPhase section */
		D3847C9D14E9EE7100168E61 /* Resources */ = {
			isa = PBXResourcesBuildPhase;
			buildActionMask = 2147483647;
			files = (
				D3847CAE14E9EE7100168E61 /* InfoPlist.strings in Resources */,
				D3847CBA14E9EE7100168E61 /* ViewController.xib in Resources */,
				D3E327DB14EDB42B00123744 /* at_test.gif in Resources */,
				D3E327DE14EDB66C00123744 /* finn.png in Resources */,
				D3E327E214EDB97F00123744 /* iceking.png in Resources */,
				D3E327E314EDB97F00123744 /* jake.png in Resources */,
				D3E327E414EDB97F00123744 /* lumpy.png in Resources */,
				D365003614F077B000E7548F /* absolutely.mp3 in Resources */,
				D365003714F077B000E7548F /* hi.mp3 in Resources */,
				D365003814F077B000E7548F /* how are you.mp3 in Resources */,
				D365003914F077B000E7548F /* I did.mp3 in Resources */,
				D365003A14F077B000E7548F /* I guess so!.mp3 in Resources */,
				D365003B14F077B000E7548F /* I have!.mp3 in Resources */,
				D365003C14F077B000E7548F /* if I were not....mp3 in Resources */,
				D365003D14F077B000E7548F /* my goodness, yes.mp3 in Resources */,
				D365003E14F077B000E7548F /* no, I have not.mp3 in Resources */,
				D365003F14F077B000E7548F /* yes!.mp3 in Resources */,
				D365004014F077B000E7548F /* yes?.mp3 in Resources */,
			);
			runOnlyForDeploymentPostprocessing = 0;
		};
/* End PBXResourcesBuildPhase section */

/* Begin PBXSourcesBuildPhase section */
		D3847C9B14E9EE7100168E61 /* Sources */ = {
			isa = PBXSourcesBuildPhase;
			buildActionMask = 2147483647;
			files = (
				D3847CB014E9EE7100168E61 /* main.m in Sources */,
				D3847CB414E9EE7100168E61 /* AppDelegate.m in Sources */,
				D3847CB714E9EE7100168E61 /* ViewController.m in Sources */,
			);
			runOnlyForDeploymentPostprocessing = 0;
		};
/* End PBXSourcesBuildPhase section */

/* Begin PBXVariantGroup section */
		D3847CAC14E9EE7100168E61 /* InfoPlist.strings */ = {
			isa = PBXVariantGroup;
			children = (
				D3847CAD14E9EE7100168E61 /* en */,
			);
			name = InfoPlist.strings;
			sourceTree = "<group>";
		};
		D3847CB814E9EE7100168E61 /* ViewController.xib */ = {
			isa = PBXVariantGroup;
			children = (
				D3847CB914E9EE7100168E61 /* en */,
			);
			name = ViewController.xib;
			sourceTree = "<group>";
		};
/* End PBXVariantGroup section */

/* Begin XCBuildConfiguration section */
		D3847CBB14E9EE7100168E61 /* Debug */ = {
			isa = XCBuildConfiguration;
			buildSettings = {
				ALWAYS_SEARCH_USER_PATHS = NO;
				ARCHS = "$(ARCHS_STANDARD_32_BIT)";
				CLANG_ENABLE_OBJC_ARC = YES;
				"CODE_SIGN_IDENTITY[sdk=iphoneos*]" = "iPhone Developer";
				COPY_PHASE_STRIP = NO;
				GCC_C_LANGUAGE_STANDARD = gnu99;
				GCC_DYNAMIC_NO_PIC = NO;
				GCC_OPTIMIZATION_LEVEL = 0;
				GCC_PREPROCESSOR_DEFINITIONS = (
					"DEBUG=1",
					"$(inherited)",
				);
				GCC_SYMBOLS_PRIVATE_EXTERN = NO;
				GCC_VERSION = com.apple.compilers.llvm.clang.1_0;
				GCC_WARN_ABOUT_MISSING_PROTOTYPES = YES;
				GCC_WARN_ABOUT_RETURN_TYPE = YES;
				GCC_WARN_UNUSED_VARIABLE = YES;
				IPHONEOS_DEPLOYMENT_TARGET = 5.0;
				SDKROOT = iphoneos;
				TARGETED_DEVICE_FAMILY = 2;
			};
			name = Debug;
		};
		D3847CBC14E9EE7100168E61 /* Release */ = {
			isa = XCBuildConfiguration;
			buildSettings = {
				ALWAYS_SEARCH_USER_PATHS = NO;
				ARCHS = "$(ARCHS_STANDARD_32_BIT)";
				CLANG_ENABLE_OBJC_ARC = YES;
				"CODE_SIGN_IDENTITY[sdk=iphoneos*]" = "iPhone Developer";
				COPY_PHASE_STRIP = YES;
				GCC_C_LANGUAGE_STANDARD = gnu99;
				GCC_VERSION = com.apple.compilers.llvm.clang.1_0;
				GCC_WARN_ABOUT_MISSING_PROTOTYPES = YES;
				GCC_WARN_ABOUT_RETURN_TYPE = YES;
				GCC_WARN_UNUSED_VARIABLE = YES;
				IPHONEOS_DEPLOYMENT_TARGET = 5.0;
				OTHER_CFLAGS = "-DNS_BLOCK_ASSERTIONS=1";
				SDKROOT = iphoneos;
				TARGETED_DEVICE_FAMILY = 2;
				VALIDATE_PRODUCT = YES;
			};
			name = Release;
		};
		D3847CBE14E9EE7100168E61 /* Debug */ = {
			isa = XCBuildConfiguration;
			buildSettings = {
				GCC_PRECOMPILE_PREFIX_HEADER = YES;
				GCC_PREFIX_HEADER = "AdventureBoard/AdventureBoard-Prefix.pch";
				INFOPLIST_FILE = "AdventureBoard/AdventureBoard-Info.plist";
				PRODUCT_NAME = "$(TARGET_NAME)";
				WRAPPER_EXTENSION = app;
			};
			name = Debug;
		};
		D3847CBF14E9EE7100168E61 /* Release */ = {
			isa = XCBuildConfiguration;
			buildSettings = {
				GCC_PRECOMPILE_PREFIX_HEADER = YES;
				GCC_PREFIX_HEADER = "AdventureBoard/AdventureBoard-Prefix.pch";
				INFOPLIST_FILE = "AdventureBoard/AdventureBoard-Info.plist";
				PRODUCT_NAME = "$(TARGET_NAME)";
				WRAPPER_EXTENSION = app;
			};
			name = Release;
		};
/* End XCBuildConfiguration section */

/* Begin XCConfigurationList section */
		D3847C9914E9EE7100168E61 /* Build configuration list for PBXProject "AdventureBoard" */ = {
			isa = XCConfigurationList;
			buildConfigurations = (
				D3847CBB14E9EE7100168E61 /* Debug */,
				D3847CBC14E9EE7100168E61 /* Release */,
			);
			defaultConfigurationIsVisible = 0;
			defaultConfigurationName = Release;
		};
		D3847CBD14E9EE7100168E61 /* Build configuration list for PBXNativeTarget "AdventureBoard" */ = {
			isa = XCConfigurationList;
			buildConfigurations = (
				D3847CBE14E9EE7100168E61 /* Debug */,
				D3847CBF14E9EE7100168E61 /* Release */,
			);
			defaultConfigurationIsVisible = 0;
			defaultConfigurationName = Release;
		};
/* End XCConfigurationList section */
	};
	rootObject = D3847C9614E9EE7100168E61 /* Project object */;
}
