// !$*UTF8*$!
{
	archiveVersion = 1;
	classes = {
	};
	objectVersion = 46;
	objects = {

/* Begin PBXBuildFile section */
		D33CA06714EB149F006A499B /* AVFoundation.framework in Frameworks */ = {isa = PBXBuildFile; fileRef = D33CA06614EB149F006A499B /* AVFoundation.framework */; };
		D365003614F077B000E7548F /* absolutely.mp3 in Resources */ = {isa = PBXBuildFile; fileRef = D365002B14F077B000E7548F /* absolutely.mp3 */; };
		D365003714F077B000E7548F /* hi.mp3 in Resources */ = {isa = PBXBuildFile; fileRef = D365002C14F077B000E7548F /* hi.mp3 */; };
		D365003814F077B000E7548F /* how are you.mp3 in Resources */ = {isa = PBXBuildFile; fileRef = D365002D14F077B000E7548F /* how are you.mp3 */; };
		D365003914F077B000E7548F /* I did.mp3 in Resources */ = {isa = PBXBuildFile; fileRef = D365002E14F077B000E7548F /* I did.mp3 */; };
		D365003A14F077B000E7548F /* I guess so!.mp3 in Resources */ = {isa = PBXBuildFile; fileRef = D365002F14F077B000E7548F /* I guess so!.mp3 */; };
		D365003B14F077B000E7548F /* I have!.mp3 in Resources */ = {isa = PBXBuildFile; fileRef = D365003014F077B000E7548F /* I have!.mp3 */; };
		D365003C14F077B000E7548F /* if I were not....mp3 in Resources */ = {isa = PBXBuildFile; fileRef = D365003114F077B000E7548F /* if I were not....mp3 */; };
		D365003D14F077B000E7548F /* my goodness, yes.mp3 in Resources */ = {isa = PBXBuildFile; fileRef = D365003214F077B000E7548F /* my goodness, yes.mp3 */; };
		D365003E14F077B000E7548F /* no, I have not.mp3 in Resources */ = {isa = PBXBuildFile; fileRef = D365003314F077B000E7548F /* no, I have not.mp3 */; };
		D365003F14F077B000E7548F /* yes!.mp3 in Resources */ = {isa = PBXBuildFile; fileRef = D365003414F077B000E7548F /* yes!.mp3 */; };
		D365004014F077B000E7548F /* yes?.mp3 in Resources */ = {isa = PBXBuildFile; fileRef = D365003514F077B000E7548F /* yes?.mp3 */; };
		D3847CA414E9EE7100168E61 /* UIKit.framework in Frameworks */ = {isa = PBXBuildFile; fileRef = D3847CA314E9EE7100168E61 /* UIKit.framework */; };
		D3847CA614E9EE7100168E61 /* Foundation.framework in Frameworks */ = {isa = PBXBuildFile; fileRef = D3847CA514E9EE7100168E61 /* Foundation.framework */; };
		D3847CA814E9EE7100168E61 /* CoreGraphics.framework in Frameworks */ = {isa = PBXBuildFile; fileRef = D3847CA714E9EE7100168E61 /* CoreGraphics.framework */; };
		D3847CAE14E9EE7100168E61 /* InfoPlist.strings in Resources */ = {isa = PBXBuildFile; fileRef = D3847CAC14E9EE7100168E61 /* InfoPlist.strings */; };
		D3847CB014E9EE7100168E61 /* main.m in Sources */ = {isa = PBXBuildFile; fileRef = D3847CAF14E9EE7100168E61 /* main.m */; };
		D3847CB414E9EE7100168E61 /* AppDelegate.m in Sources */ = {isa = PBXBuildFile; fileRef = D3847CB314E9EE7100168E61 /* AppDelegate.m */; };
		D3847CB714E9EE7100168E61 /* ViewController.m in Sources */ = {isa = PBXBuildFile; fileRef = D3847CB614E9EE7100168E61 /* ViewController.m */; };
		D3847CBA14E9EE7100168E61 /* ViewController.xib in Resources */ = {isa = PBXBuildFile; fileRef = D3847CB814E9EE7100168E61 /* ViewController.xib */; };
		D3E327E414EDB97F00123746 /* nonplussed.gif in Resources */ = {isa = PBXBuildFile; fileRef = D3E327E414EDB97F00123745 /* nonplussed.gif */; };
		D3E327E414EDB97F00123748 /* leading.gif in Resources */ = {isa = PBXBuildFile; fileRef = D3E327E414EDB97F00123747 /* leading.gif */; };
		D3E327E414EDB97F0012374A /* surprised.gif in Resources */ = {isa = PBXBuildFile; fileRef = D3E327E414EDB97F00123749 /* surprised.gif */; };
		D3E327E414EDB97F0012374C /* visionary.jpg in Resources */ = {isa = PBXBuildFile; fileRef = D3E327E414EDB97F0012374B /* visionary.jpg */; };
		D3E327E414EDB97F0012374E /* content.gif in Resources */ = {isa = PBXBuildFile; fileRef = D3E327E414EDB97F0012374D /* content.gif */; };
		D3E327E414EDB97F00123750 /* in studio.jpg in Resources */ = {isa = PBXBuildFile; fileRef = D3E327E414EDB97F0012374F /* in studio.jpg */; };
		D3E327E414EDB97F00123752 /* happy.jpg in Resources */ = {isa = PBXBuildFile; fileRef = D3E327E414EDB97F00123751 /* happy.jpg */; };
		D3E327E414EDB97F00123754 /* screaming.jpg in Resources */ = {isa = PBXBuildFile; fileRef = D3E327E414EDB97F00123753 /* screaming.jpg */; };
		D3E327E414EDB97F00123756 /* trek.png in Resources */ = {isa = PBXBuildFile; fileRef = D3E327E414EDB97F00123755 /* trek.png */; };
		D3E327E414EDB97F00123758 /* trek 2.png in Resources */ = {isa = PBXBuildFile; fileRef = D3E327E414EDB97F00123757 /* trek 2.png */; };
		D3E327E414EDB97F0012375A /* futurama.png in Resources */ = {isa = PBXBuildFile; fileRef = D3E327E414EDB97F00123759 /* futurama.png */; };
		D3E327E414EDB97F0012375C /* haha 1.mp3 in Resources */ = {isa = PBXBuildFile; fileRef = D3E327E414EDB97F0012375B /* haha 1.mp3 */; };
		D3E327E414EDB97F0012375E /* haha 2.mp3 in Resources */ = {isa = PBXBuildFile; fileRef = D3E327E414EDB97F0012375D /* haha 2.mp3 */; };
		D3E327E414EDB97F00123760 /* haha 3.mp3 in Resources */ = {isa = PBXBuildFile; fileRef = D3E327E414EDB97F0012375F /* haha 3.mp3 */; };
		D3E327E414EDB97F00123762 /* haha 4.mp3 in Resources */ = {isa = PBXBuildFile; fileRef = D3E327E414EDB97F00123761 /* haha 4.mp3 */; };
		D3E327E414EDB97F00123764 /* haha 5.mp3 in Resources */ = {isa = PBXBuildFile; fileRef = D3E327E414EDB97F00123763 /* haha 5.mp3 */; };
		D3E327E414EDB97F00123766 /* haha 6.mp3 in Resources */ = {isa = PBXBuildFile; fileRef = D3E327E414EDB97F00123765 /* haha 6.mp3 */; };
		D3E327E414EDB97F00123768 /* haha 7.mp3 in Resources */ = {isa = PBXBuildFile; fileRef = D3E327E414EDB97F00123767 /* haha 7.mp3 */; };
		D3E327E414EDB97F0012376A /* haha 8.mp3 in Resources */ = {isa = PBXBuildFile; fileRef = D3E327E414EDB97F00123769 /* haha 8.mp3 */; };
		D3E327E414EDB97F0012376C /* haha 9.mp3 in Resources */ = {isa = PBXBuildFile; fileRef = D3E327E414EDB97F0012376B /* haha 9.mp3 */; };
		D3E327E414EDB97F0012376E /* haha 10.mp3 in Resources */ = {isa = PBXBuildFile; fileRef = D3E327E414EDB97F0012376D /* haha 10.mp3 */; };
		D3E327E414EDB97F00123770 /* haha 11.mp3 in Resources */ = {isa = PBXBuildFile; fileRef = D3E327E414EDB97F0012376F /* haha 11.mp3 */; };
		D3E327E414EDB97F00123772 /* haha 12.mp3 in Resources */ = {isa = PBXBuildFile; fileRef = D3E327E414EDB97F00123771 /* haha 12.mp3 */; };
		D3E327E414EDB97F00123774 /* haha 13.mp3 in Resources */ = {isa = PBXBuildFile; fileRef = D3E327E414EDB97F00123773 /* haha 13.mp3 */; };
		D3E327E414EDB97F00123776 /* haha 14.mp3 in Resources */ = {isa = PBXBuildFile; fileRef = D3E327E414EDB97F00123775 /* haha 14.mp3 */; };
		D3E327E414EDB97F00123778 /* haha 15.mp3 in Resources */ = {isa = PBXBuildFile; fileRef = D3E327E414EDB97F00123777 /* haha 15.mp3 */; };
		D3E327E414EDB97F0012377A /* and a big one.mp3 in Resources */ = {isa = PBXBuildFile; fileRef = D3E327E414EDB97F00123779 /* and a big one.mp3 */; };
		D3E327E414EDB97F0012377C /* ok let's hear it.mp3 in Resources */ = {isa = PBXBuildFile; fileRef = D3E327E414EDB97F0012377B /* ok let's hear it.mp3 */; };
		D3E327E414EDB97F0012377E /* I don't mean it sexually.mp3 in Resources */ = {isa = PBXBuildFile; fileRef = D3E327E414EDB97F0012377D /* I don't mean it sexually.mp3 */; };
		D3E327E414EDB97F00123780 /* the American way.mp3 in Resources */ = {isa = PBXBuildFile; fileRef = D3E327E414EDB97F0012377F /* the American way.mp3 */; };
		D3E327E414EDB97F00123782 /* well I'm coming from a whole different perspective.mp3 in Resources */ = {isa = PBXBuildFile; fileRef = D3E327E414EDB97F00123781 /* well I'm coming from a whole different perspective.mp3 */; };
		D3E327E414EDB97F00123784 /* well I've certainly already paid more than 10 dollars.mp3 in Resources */ = {isa = PBXBuildFile; fileRef = D3E327E414EDB97F00123783 /* well I've certainly already paid more than 10 dollars.mp3 */; };
		D3E327E414EDB97F00123786 /* what posessed you?.mp3 in Resources */ = {isa = PBXBuildFile; fileRef = D3E327E414EDB97F00123785 /* what posessed you?.mp3 */; };
		D3E327E414EDB97F00123788 /* that's what you get.mp3 in Resources */ = {isa = PBXBuildFile; fileRef = D3E327E414EDB97F00123787 /* that's what you get.mp3 */; };
		D3E327E414EDB97F0012378A /* I see the soul of this man.mp3 in Resources */ = {isa = PBXBuildFile; fileRef = D3E327E414EDB97F00123789 /* I see the soul of this man.mp3 */; };
		D3E327E414EDB97F0012378C /* oh, I have been in love with him!.mp3 in Resources */ = {isa = PBXBuildFile; fileRef = D3E327E414EDB97F0012378B /* oh, I have been in love with him!.mp3 */; };
		D3E327E414EDB97F0012378E /* I suspect that it's more substantial.mp3 in Resources */ = {isa = PBXBuildFile; fileRef = D3E327E414EDB97F0012378D /* I suspect that it's more substantial.mp3 */; };
		D3E327E414EDB97F00123790 /* I think there may be a little bit of that.mp3 in Resources */ = {isa = PBXBuildFile; fileRef = D3E327E414EDB97F0012378F /* I think there may be a little bit of that.mp3 */; };
		D3E327E414EDB97F00123792 /* it was very difficult to believe.mp3 in Resources */ = {isa = PBXBuildFile; fileRef = D3E327E414EDB97F00123791 /* it was very difficult to believe.mp3 */; };
		D3E327E414EDB97F00123794 /* aren't you for equality?.mp3 in Resources */ = {isa = PBXBuildFile; fileRef = D3E327E414EDB97F00123793 /* aren't you for equality?.mp3 */; };
		D3E327E414EDB97F00123796 /* vivacity.mp3 in Resources */ = {isa = PBXBuildFile; fileRef = D3E327E414EDB97F00123795 /* vivacity.mp3 */; };
		D3E327E414EDB97F00123798 /* sexual oritentation.mp3 in Resources */ = {isa = PBXBuildFile; fileRef = D3E327E414EDB97F00123797 /* sexual oritentation.mp3 */; };
		D3E327E414EDB97F0012379A /* sexually, yeah.mp3 in Resources */ = {isa = PBXBuildFile; fileRef = D3E327E414EDB97F00123799 /* sexually, yeah.mp3 */; };
		D3E327E414EDB97F0012379C /* sensuality.mp3 in Resources */ = {isa = PBXBuildFile; fileRef = D3E327E414EDB97F0012379B /* sensuality.mp3 */; };
		D3E327E414EDB97F0012379E /* multi-lingual capacity.mp3 in Resources */ = {isa = PBXBuildFile; fileRef = D3E327E414EDB97F0012379D /* multi-lingual capacity.mp3 */; };
		D3E327E414EDB97F001237A0 /* assets.mp3 in Resources */ = {isa = PBXBuildFile; fileRef = D3E327E414EDB97F0012379F /* assets.mp3 */; };
		D3E327E414EDB97F001237A2 /* character.mp3 in Resources */ = {isa = PBXBuildFile; fileRef = D3E327E414EDB97F001237A1 /* character.mp3 */; };
		D3E327E414EDB97F001237A4 /* macho.mp3 in Resources */ = {isa = PBXBuildFile; fileRef = D3E327E414EDB97F001237A3 /* macho.mp3 */; };
		D3E327E414EDB97F001237A6 /* The Green Berets.mp3 in Resources */ = {isa = PBXBuildFile; fileRef = D3E327E414EDB97F001237A5 /* The Green Berets.mp3 */; };
		D3E327E414EDB97F001237A8 /* Carmen.mp3 in Resources */ = {isa = PBXBuildFile; fileRef = D3E327E414EDB97F001237A7 /* Carmen.mp3 */; };
		D3E327E414EDB97F001237AA /* Bobby Brown.mp3 in Resources */ = {isa = PBXBuildFile; fileRef = D3E327E414EDB97F001237A9 /* Bobby Brown.mp3 */; };
		D3E327E414EDB97F001237AC /* John Wayne.mp3 in Resources */ = {isa = PBXBuildFile; fileRef = D3E327E414EDB97F001237AB /* John Wayne.mp3 */; };
		D3E327E414EDB97F001237AE /* I have high regard for his good taste.mp3 in Resources */ = {isa = PBXBuildFile; fileRef = D3E327E414EDB97F001237AD /* I have high regard for his good taste.mp3 */; };
		D3E327E414EDB97F001237B0 /* he was reading the newspaper.mp3 in Resources */ = {isa = PBXBuildFile; fileRef = D3E327E414EDB97F001237AF /* he was reading the newspaper.mp3 */; };
		D3E327E414EDB97F001237B2 /* you're opinionated.mp3 in Resources */ = {isa = PBXBuildFile; fileRef = D3E327E414EDB97F001237B1 /* you're opinionated.mp3 */; };
		D3E327E414EDB97F001237B6 /* embellish a little bit.mp3 in Resources */ = {isa = PBXBuildFile; fileRef = D3E327E414EDB97F001237B5 /* embellish a little bit.mp3 */; };
		D3E327E414EDB97F001237B8 /* of course I am.mp3 in Resources */ = {isa = PBXBuildFile; fileRef = D3E327E414EDB97F001237B7 /* of course I am.mp3 */; };
		D3E327E414EDB97F001237BA /* you wanna say something?.mp3 in Resources */ = {isa = PBXBuildFile; fileRef = D3E327E414EDB97F001237B9 /* you wanna say something?.mp3 */; };
		D3E327E414EDB97F001237BC /* magnificent.mp3 in Resources */ = {isa = PBXBuildFile; fileRef = D3E327E414EDB97F001237BB /* magnificent.mp3 */; };
		D3E327E414EDB97F001237BE /* futurama 2.png in Resources */ = {isa = PBXBuildFile; fileRef = D3E327E414EDB97F001237BD /* futurama 2.png */; };
		D3FC2C4214F2F53200147F34 /* blue icon.png in Resources */ = {isa = PBXBuildFile; fileRef = D3FC2C4114F2F53200147F34 /* blue icon.png */; };
		D3FC2C4914F2F61800147F34 /* Default-Portrait~ipad.png in Resources */ = {isa = PBXBuildFile; fileRef = D3FC2C4814F2F61800147F34 /* Default-Portrait~ipad.png */; };
		D3FC2C4B14F2FB2A00147F34 /* volume head.png in Resources */ = {isa = PBXBuildFile; fileRef = D3FC2C4A14F2FB2A00147F34 /* volume head.png */; };
/* End PBXBuildFile section */

/* Begin PBXFileReference section */
		D338E47814F1AE1B0009EB81 /* AdventureBoard.entitlements */ = {isa = PBXFileReference; lastKnownFileType = text.xml; path = AdventureBoard.entitlements; sourceTree = "<group>"; };
		D33CA06614EB149F006A499B /* AVFoundation.framework */ = {isa = PBXFileReference; lastKnownFileType = wrapper.framework; name = AVFoundation.framework; path = System/Library/Frameworks/AVFoundation.framework; sourceTree = SDKROOT; };
		D365002B14F077B000E7548F /* absolutely.mp3 */ = {isa = PBXFileReference; lastKnownFileType = audio.mp3; path = absolutely.mp3; sourceTree = "<group>"; };
		D365002C14F077B000E7548F /* hi.mp3 */ = {isa = PBXFileReference; lastKnownFileType = audio.mp3; path = hi.mp3; sourceTree = "<group>"; };
		D365002D14F077B000E7548F /* how are you.mp3 */ = {isa = PBXFileReference; lastKnownFileType = audio.mp3; path = "how are you.mp3"; sourceTree = "<group>"; };
		D365002E14F077B000E7548F /* I did.mp3 */ = {isa = PBXFileReference; lastKnownFileType = audio.mp3; path = "I did.mp3"; sourceTree = "<group>"; };
		D365002F14F077B000E7548F /* I guess so!.mp3 */ = {isa = PBXFileReference; lastKnownFileType = audio.mp3; path = "I guess so!.mp3"; sourceTree = "<group>"; };
		D365003014F077B000E7548F /* I have!.mp3 */ = {isa = PBXFileReference; lastKnownFileType = audio.mp3; path = "I have!.mp3"; sourceTree = "<group>"; };
		D365003114F077B000E7548F /* if I were not....mp3 */ = {isa = PBXFileReference; lastKnownFileType = audio.mp3; path = "if I were not....mp3"; sourceTree = "<group>"; };
		D365003214F077B000E7548F /* my goodness, yes.mp3 */ = {isa = PBXFileReference; lastKnownFileType = audio.mp3; path = "my goodness, yes.mp3"; sourceTree = "<group>"; };
		D365003314F077B000E7548F /* no, I have not.mp3 */ = {isa = PBXFileReference; lastKnownFileType = audio.mp3; path = "no, I have not.mp3"; sourceTree = "<group>"; };
		D365003414F077B000E7548F /* yes!.mp3 */ = {isa = PBXFileReference; lastKnownFileType = audio.mp3; path = "yes!.mp3"; sourceTree = "<group>"; };
		D365003514F077B000E7548F /* yes?.mp3 */ = {isa = PBXFileReference; lastKnownFileType = audio.mp3; path = "yes?.mp3"; sourceTree = "<group>"; };
		D3847C9F14E9EE7100168E61 /* Takei Board.app */ = {isa = PBXFileReference; explicitFileType = wrapper.application; includeInIndex = 0; path = "Takei Board.app"; sourceTree = BUILT_PRODUCTS_DIR; };
		D3847CA314E9EE7100168E61 /* UIKit.framework */ = {isa = PBXFileReference; lastKnownFileType = wrapper.framework; name = UIKit.framework; path = System/Library/Frameworks/UIKit.framework; sourceTree = SDKROOT; };
		D3847CA514E9EE7100168E61 /* Foundation.framework */ = {isa = PBXFileReference; lastKnownFileType = wrapper.framework; name = Foundation.framework; path = System/Library/Frameworks/Foundation.framework; sourceTree = SDKROOT; };
		D3847CA714E9EE7100168E61 /* CoreGraphics.framework */ = {isa = PBXFileReference; lastKnownFileType = wrapper.framework; name = CoreGraphics.framework; path = System/Library/Frameworks/CoreGraphics.framework; sourceTree = SDKROOT; };
		D3847CAB14E9EE7100168E61 /* AdventureBoard-Info.plist */ = {isa = PBXFileReference; lastKnownFileType = text.plist.xml; path = "AdventureBoard-Info.plist"; sourceTree = "<group>"; };
		D3847CAD14E9EE7100168E61 /* en */ = {isa = PBXFileReference; lastKnownFileType = text.plist.strings; name = en; path = en.lproj/InfoPlist.strings; sourceTree = "<group>"; };
		D3847CAF14E9EE7100168E61 /* main.m */ = {isa = PBXFileReference; lastKnownFileType = sourcecode.c.objc; path = main.m; sourceTree = "<group>"; };
		D3847CB114E9EE7100168E61 /* AdventureBoard-Prefix.pch */ = {isa = PBXFileReference; lastKnownFileType = sourcecode.c.h; path = "AdventureBoard-Prefix.pch"; sourceTree = "<group>"; };
		D3847CB214E9EE7100168E61 /* AppDelegate.h */ = {isa = PBXFileReference; lastKnownFileType = sourcecode.c.h; path = AppDelegate.h; sourceTree = "<group>"; };
		D3847CB314E9EE7100168E61 /* AppDelegate.m */ = {isa = PBXFileReference; lastKnownFileType = sourcecode.c.objc; path = AppDelegate.m; sourceTree = "<group>"; };
		D3847CB514E9EE7100168E61 /* ViewController.h */ = {isa = PBXFileReference; lastKnownFileType = sourcecode.c.h; path = ViewController.h; sourceTree = "<group>"; };
		D3847CB614E9EE7100168E61 /* ViewController.m */ = {isa = PBXFileReference; lastKnownFileType = sourcecode.c.objc; path = ViewController.m; sourceTree = "<group>"; };
		D3847CB914E9EE7100168E61 /* en */ = {isa = PBXFileReference; lastKnownFileType = file.xib; name = en; path = en.lproj/ViewController.xib; sourceTree = "<group>"; };
		D3E327E414EDB97F00123745 /* nonplussed.gif */ = {isa = PBXFileReference; lastKnownFileType = image.gif; path = nonplussed.gif; sourceTree = "<group>"; };
		D3E327E414EDB97F00123747 /* leading.gif */ = {isa = PBXFileReference; lastKnownFileType = image.gif; path = leading.gif; sourceTree = "<group>"; };
		D3E327E414EDB97F00123749 /* surprised.gif */ = {isa = PBXFileReference; lastKnownFileType = image.gif; path = surprised.gif; sourceTree = "<group>"; };
		D3E327E414EDB97F0012374B /* visionary.jpg */ = {isa = PBXFileReference; lastKnownFileType = image.jpeg; path = visionary.jpg; sourceTree = "<group>"; };
		D3E327E414EDB97F0012374D /* content.gif */ = {isa = PBXFileReference; lastKnownFileType = image.gif; path = content.gif; sourceTree = "<group>"; };
		D3E327E414EDB97F0012374F /* in studio.jpg */ = {isa = PBXFileReference; lastKnownFileType = image.jpeg; path = "in studio.jpg"; sourceTree = "<group>"; };
		D3E327E414EDB97F00123751 /* happy.jpg */ = {isa = PBXFileReference; lastKnownFileType = image.jpeg; path = happy.jpg; sourceTree = "<group>"; };
		D3E327E414EDB97F00123753 /* screaming.jpg */ = {isa = PBXFileReference; lastKnownFileType = image.jpeg; path = screaming.jpg; sourceTree = "<group>"; };
		D3E327E414EDB97F00123755 /* trek.png */ = {isa = PBXFileReference; lastKnownFileType = image.png; path = trek.png; sourceTree = "<group>"; };
		D3E327E414EDB97F00123757 /* trek 2.png */ = {isa = PBXFileReference; lastKnownFileType = image.png; path = "trek 2.png"; sourceTree = "<group>"; };
		D3E327E414EDB97F00123759 /* futurama.png */ = {isa = PBXFileReference; lastKnownFileType = image.png; path = futurama.png; sourceTree = "<group>"; };
		D3E327E414EDB97F0012375B /* haha 1.mp3 */ = {isa = PBXFileReference; lastKnownFileType = audio.mp3; path = "haha 1.mp3"; sourceTree = "<group>"; };
		D3E327E414EDB97F0012375D /* haha 2.mp3 */ = {isa = PBXFileReference; lastKnownFileType = audio.mp3; path = "haha 2.mp3"; sourceTree = "<group>"; };
		D3E327E414EDB97F0012375F /* haha 3.mp3 */ = {isa = PBXFileReference; lastKnownFileType = audio.mp3; path = "haha 3.mp3"; sourceTree = "<group>"; };
		D3E327E414EDB97F00123761 /* haha 4.mp3 */ = {isa = PBXFileReference; lastKnownFileType = audio.mp3; path = "haha 4.mp3"; sourceTree = "<group>"; };
		D3E327E414EDB97F00123763 /* haha 5.mp3 */ = {isa = PBXFileReference; lastKnownFileType = audio.mp3; path = "haha 5.mp3"; sourceTree = "<group>"; };
		D3E327E414EDB97F00123765 /* haha 6.mp3 */ = {isa = PBXFileReference; lastKnownFileType = audio.mp3; path = "haha 6.mp3"; sourceTree = "<group>"; };
		D3E327E414EDB97F00123767 /* haha 7.mp3 */ = {isa = PBXFileReference; lastKnownFileType = audio.mp3; path = "haha 7.mp3"; sourceTree = "<group>"; };
		D3E327E414EDB97F00123769 /* haha 8.mp3 */ = {isa = PBXFileReference; lastKnownFileType = audio.mp3; path = "haha 8.mp3"; sourceTree = "<group>"; };
		D3E327E414EDB97F0012376B /* haha 9.mp3 */ = {isa = PBXFileReference; lastKnownFileType = audio.mp3; path = "haha 9.mp3"; sourceTree = "<group>"; };
		D3E327E414EDB97F0012376D /* haha 10.mp3 */ = {isa = PBXFileReference; lastKnownFileType = audio.mp3; path = "haha 10.mp3"; sourceTree = "<group>"; };
		D3E327E414EDB97F0012376F /* haha 11.mp3 */ = {isa = PBXFileReference; lastKnownFileType = audio.mp3; path = "haha 11.mp3"; sourceTree = "<group>"; };
		D3E327E414EDB97F00123771 /* haha 12.mp3 */ = {isa = PBXFileReference; lastKnownFileType = audio.mp3; path = "haha 12.mp3"; sourceTree = "<group>"; };
		D3E327E414EDB97F00123773 /* haha 13.mp3 */ = {isa = PBXFileReference; lastKnownFileType = audio.mp3; path = "haha 13.mp3"; sourceTree = "<group>"; };
		D3E327E414EDB97F00123775 /* haha 14.mp3 */ = {isa = PBXFileReference; lastKnownFileType = audio.mp3; path = "haha 14.mp3"; sourceTree = "<group>"; };
		D3E327E414EDB97F00123777 /* haha 15.mp3 */ = {isa = PBXFileReference; lastKnownFileType = audio.mp3; path = "haha 15.mp3"; sourceTree = "<group>"; };
		D3E327E414EDB97F00123779 /* and a big one.mp3 */ = {isa = PBXFileReference; lastKnownFileType = audio.mp3; path = "and a big one.mp3"; sourceTree = "<group>"; };
		D3E327E414EDB97F0012377B /* ok let's hear it.mp3 */ = {isa = PBXFileReference; lastKnownFileType = audio.mp3; path = "ok let's hear it.mp3"; sourceTree = "<group>"; };
		D3E327E414EDB97F0012377D /* I don't mean it sexually.mp3 */ = {isa = PBXFileReference; lastKnownFileType = audio.mp3; path = "I don't mean it sexually.mp3"; sourceTree = "<group>"; };
		D3E327E414EDB97F0012377F /* the American way.mp3 */ = {isa = PBXFileReference; lastKnownFileType = audio.mp3; path = "the American way.mp3"; sourceTree = "<group>"; };
		D3E327E414EDB97F00123781 /* well I'm coming from a whole different perspective.mp3 */ = {isa = PBXFileReference; lastKnownFileType = audio.mp3; path = "well I'm coming from a whole different perspective.mp3"; sourceTree = "<group>"; };
		D3E327E414EDB97F00123783 /* well I've certainly already paid more than 10 dollars.mp3 */ = {isa = PBXFileReference; lastKnownFileType = audio.mp3; path = "well I've certainly already paid more than 10 dollars.mp3"; sourceTree = "<group>"; };
		D3E327E414EDB97F00123785 /* what posessed you?.mp3 */ = {isa = PBXFileReference; lastKnownFileType = audio.mp3; path = "what posessed you?.mp3"; sourceTree = "<group>"; };
		D3E327E414EDB97F00123787 /* that's what you get.mp3 */ = {isa = PBXFileReference; lastKnownFileType = audio.mp3; path = "that's what you get.mp3"; sourceTree = "<group>"; };
		D3E327E414EDB97F00123789 /* I see the soul of this man.mp3 */ = {isa = PBXFileReference; lastKnownFileType = audio.mp3; path = "I see the soul of this man.mp3"; sourceTree = "<group>"; };
		D3E327E414EDB97F0012378B /* oh, I have been in love with him!.mp3 */ = {isa = PBXFileReference; lastKnownFileType = audio.mp3; path = "oh, I have been in love with him!.mp3"; sourceTree = "<group>"; };
		D3E327E414EDB97F0012378D /* I suspect that it's more substantial.mp3 */ = {isa = PBXFileReference; lastKnownFileType = audio.mp3; path = "I suspect that it's more substantial.mp3"; sourceTree = "<group>"; };
		D3E327E414EDB97F0012378F /* I think there may be a little bit of that.mp3 */ = {isa = PBXFileReference; lastKnownFileType = audio.mp3; path = "I think there may be a little bit of that.mp3"; sourceTree = "<group>"; };
		D3E327E414EDB97F00123791 /* it was very difficult to believe.mp3 */ = {isa = PBXFileReference; lastKnownFileType = audio.mp3; path = "it was very difficult to believe.mp3"; sourceTree = "<group>"; };
		D3E327E414EDB97F00123793 /* aren't you for equality?.mp3 */ = {isa = PBXFileReference; lastKnownFileType = audio.mp3; path = "aren't you for equality?.mp3"; sourceTree = "<group>"; };
		D3E327E414EDB97F00123795 /* vivacity.mp3 */ = {isa = PBXFileReference; lastKnownFileType = audio.mp3; path = vivacity.mp3; sourceTree = "<group>"; };
		D3E327E414EDB97F00123797 /* sexual oritentation.mp3 */ = {isa = PBXFileReference; lastKnownFileType = audio.mp3; path = "sexual oritentation.mp3"; sourceTree = "<group>"; };
		D3E327E414EDB97F00123799 /* sexually, yeah.mp3 */ = {isa = PBXFileReference; lastKnownFileType = audio.mp3; path = "sexually, yeah.mp3"; sourceTree = "<group>"; };
		D3E327E414EDB97F0012379B /* sensuality.mp3 */ = {isa = PBXFileReference; lastKnownFileType = audio.mp3; path = sensuality.mp3; sourceTree = "<group>"; };
		D3E327E414EDB97F0012379D /* multi-lingual capacity.mp3 */ = {isa = PBXFileReference; lastKnownFileType = audio.mp3; path = "multi-lingual capacity.mp3"; sourceTree = "<group>"; };
		D3E327E414EDB97F0012379F /* assets.mp3 */ = {isa = PBXFileReference; lastKnownFileType = audio.mp3; path = assets.mp3; sourceTree = "<group>"; };
		D3E327E414EDB97F001237A1 /* character.mp3 */ = {isa = PBXFileReference; lastKnownFileType = audio.mp3; path = character.mp3; sourceTree = "<group>"; };
		D3E327E414EDB97F001237A3 /* macho.mp3 */ = {isa = PBXFileReference; lastKnownFileType = audio.mp3; path = macho.mp3; sourceTree = "<group>"; };
		D3E327E414EDB97F001237A5 /* The Green Berets.mp3 */ = {isa = PBXFileReference; lastKnownFileType = audio.mp3; path = "The Green Berets.mp3"; sourceTree = "<group>"; };
		D3E327E414EDB97F001237A7 /* Carmen.mp3 */ = {isa = PBXFileReference; lastKnownFileType = audio.mp3; path = Carmen.mp3; sourceTree = "<group>"; };
		D3E327E414EDB97F001237A9 /* Bobby Brown.mp3 */ = {isa = PBXFileReference; lastKnownFileType = audio.mp3; path = "Bobby Brown.mp3"; sourceTree = "<group>"; };
		D3E327E414EDB97F001237AB /* John Wayne.mp3 */ = {isa = PBXFileReference; lastKnownFileType = audio.mp3; path = "John Wayne.mp3"; sourceTree = "<group>"; };
		D3E327E414EDB97F001237AD /* I have high regard for his good taste.mp3 */ = {isa = PBXFileReference; lastKnownFileType = audio.mp3; path = "I have high regard for his good taste.mp3"; sourceTree = "<group>"; };
		D3E327E414EDB97F001237AF /* he was reading the newspaper.mp3 */ = {isa = PBXFileReference; lastKnownFileType = audio.mp3; path = "he was reading the newspaper.mp3"; sourceTree = "<group>"; };
		D3E327E414EDB97F001237B1 /* you're opinionated.mp3 */ = {isa = PBXFileReference; lastKnownFileType = audio.mp3; path = "you're opinionated.mp3"; sourceTree = "<group>"; };
		D3E327E414EDB97F001237B5 /* embellish a little bit.mp3 */ = {isa = PBXFileReference; lastKnownFileType = audio.mp3; path = "embellish a little bit.mp3"; sourceTree = "<group>"; };
		D3E327E414EDB97F001237B7 /* of course I am.mp3 */ = {isa = PBXFileReference; lastKnownFileType = audio.mp3; path = "of course I am.mp3"; sourceTree = "<group>"; };
		D3E327E414EDB97F001237B9 /* you wanna say something?.mp3 */ = {isa = PBXFileReference; lastKnownFileType = audio.mp3; path = "you wanna say something?.mp3"; sourceTree = "<group>"; };
		D3E327E414EDB97F001237BB /* magnificent.mp3 */ = {isa = PBXFileReference; lastKnownFileType = audio.mp3; path = magnificent.mp3; sourceTree = "<group>"; };
		D3E327E414EDB97F001237BD /* futurama 2.png */ = {isa = PBXFileReference; lastKnownFileType = image.png; path = "futurama 2.png"; sourceTree = "<group>"; };
		D3FC2C4114F2F53200147F34 /* blue icon.png */ = {isa = PBXFileReference; lastKnownFileType = image.png; path = "blue icon.png"; sourceTree = "<group>"; };
		D3FC2C4814F2F61800147F34 /* Default-Portrait~ipad.png */ = {isa = PBXFileReference; lastKnownFileType = image.png; path = "Default-Portrait~ipad.png"; sourceTree = "<group>"; };
		D3FC2C4A14F2FB2A00147F34 /* volume head.png */ = {isa = PBXFileReference; lastKnownFileType = image.png; path = "volume head.png"; sourceTree = "<group>"; };
/* End PBXFileReference section */

/* Begin PBXFrameworksBuildPhase section */
		D3847C9C14E9EE7100168E61 /* Frameworks */ = {
			isa = PBXFrameworksBuildPhase;
			buildActionMask = 2147483647;
			files = (
				D33CA06714EB149F006A499B /* AVFoundation.framework in Frameworks */,
				D3847CA414E9EE7100168E61 /* UIKit.framework in Frameworks */,
				D3847CA614E9EE7100168E61 /* Foundation.framework in Frameworks */,
				D3847CA814E9EE7100168E61 /* CoreGraphics.framework in Frameworks */,
			);
			runOnlyForDeploymentPostprocessing = 0;
		};
/* End PBXFrameworksBuildPhase section */

/* Begin PBXGroup section */
		D365002A14F077B000E7548F /* takei */ = {
			isa = PBXGroup;
			children = (
				D3FC2C4A14F2FB2A00147F34 /* volume head.png */,
				D3E327E414EDB97F001237BD /* futurama 2.png */,
				D3E327E414EDB97F001237BB /* magnificent.mp3 */,
				D3E327E414EDB97F001237B9 /* you wanna say something?.mp3 */,
				D3E327E414EDB97F001237B7 /* of course I am.mp3 */,
				D3E327E414EDB97F001237B5 /* embellish a little bit.mp3 */,
				D3E327E414EDB97F001237B1 /* you're opinionated.mp3 */,
				D3E327E414EDB97F001237AF /* he was reading the newspaper.mp3 */,
				D3E327E414EDB97F001237AD /* I have high regard for his good taste.mp3 */,
				D3E327E414EDB97F001237AB /* John Wayne.mp3 */,
				D3E327E414EDB97F001237A9 /* Bobby Brown.mp3 */,
				D3E327E414EDB97F001237A7 /* Carmen.mp3 */,
				D3E327E414EDB97F001237A5 /* The Green Berets.mp3 */,
				D3E327E414EDB97F001237A3 /* macho.mp3 */,
				D3E327E414EDB97F001237A1 /* character.mp3 */,
				D3E327E414EDB97F0012379F /* assets.mp3 */,
				D3E327E414EDB97F0012379D /* multi-lingual capacity.mp3 */,
				D3E327E414EDB97F0012379B /* sensuality.mp3 */,
				D3E327E414EDB97F00123799 /* sexually, yeah.mp3 */,
				D3E327E414EDB97F00123797 /* sexual oritentation.mp3 */,
				D3E327E414EDB97F00123795 /* vivacity.mp3 */,
				D3E327E414EDB97F00123793 /* aren't you for equality?.mp3 */,
				D3E327E414EDB97F00123791 /* it was very difficult to believe.mp3 */,
				D3E327E414EDB97F0012378F /* I think there may be a little bit of that.mp3 */,
				D3E327E414EDB97F0012378D /* I suspect that it's more substantial.mp3 */,
				D3E327E414EDB97F0012378B /* oh, I have been in love with him!.mp3 */,
				D3E327E414EDB97F00123789 /* I see the soul of this man.mp3 */,
				D3E327E414EDB97F00123787 /* that's what you get.mp3 */,
				D3E327E414EDB97F00123785 /* what posessed you?.mp3 */,
				D3E327E414EDB97F00123783 /* well I've certainly already paid more than 10 dollars.mp3 */,
				D3E327E414EDB97F00123781 /* well I'm coming from a whole different perspective.mp3 */,
				D3E327E414EDB97F0012377F /* the American way.mp3 */,
				D3E327E414EDB97F0012377D /* I don't mean it sexually.mp3 */,
				D3E327E414EDB97F0012377B /* ok let's hear it.mp3 */,
				D3E327E414EDB97F00123779 /* and a big one.mp3 */,
				D3E327E414EDB97F00123777 /* haha 15.mp3 */,
				D3E327E414EDB97F00123775 /* haha 14.mp3 */,
				D3E327E414EDB97F00123773 /* haha 13.mp3 */,
				D3E327E414EDB97F00123771 /* haha 12.mp3 */,
				D3E327E414EDB97F0012376F /* haha 11.mp3 */,
				D3E327E414EDB97F0012376D /* haha 10.mp3 */,
				D3E327E414EDB97F0012376B /* haha 9.mp3 */,
				D3E327E414EDB97F00123769 /* haha 8.mp3 */,
				D3E327E414EDB97F00123767 /* haha 7.mp3 */,
				D3E327E414EDB97F00123765 /* haha 6.mp3 */,
				D3E327E414EDB97F00123763 /* haha 5.mp3 */,
				D3E327E414EDB97F00123761 /* haha 4.mp3 */,
				D3E327E414EDB97F0012375F /* haha 3.mp3 */,
				D3E327E414EDB97F0012375D /* haha 2.mp3 */,
				D3E327E414EDB97F0012375B /* haha 1.mp3 */,
				D3E327E414EDB97F00123759 /* futurama.png */,
				D3E327E414EDB97F00123757 /* trek 2.png */,
				D3E327E414EDB97F00123755 /* trek.png */,
				D3E327E414EDB97F00123753 /* screaming.jpg */,
				D3E327E414EDB97F00123751 /* happy.jpg */,
				D3E327E414EDB97F0012374F /* in studio.jpg */,
				D3E327E414EDB97F0012374D /* content.gif */,
				D3E327E414EDB97F0012374B /* visionary.jpg */,
				D3E327E414EDB97F00123749 /* surprised.gif */,
				D3E327E414EDB97F00123747 /* leading.gif */,
				D3E327E414EDB97F00123745 /* nonplussed.gif */,
				D365002B14F077B000E7548F /* absolutely.mp3 */,
				D365002C14F077B000E7548F /* hi.mp3 */,
				D365002D14F077B000E7548F /* how are you.mp3 */,
				D365002E14F077B000E7548F /* I did.mp3 */,
				D365002F14F077B000E7548F /* I guess so!.mp3 */,
				D365003014F077B000E7548F /* I have!.mp3 */,
				D365003114F077B000E7548F /* if I were not....mp3 */,
				D365003214F077B000E7548F /* my goodness, yes.mp3 */,
				D365003314F077B000E7548F /* no, I have not.mp3 */,
				D365003414F077B000E7548F /* yes!.mp3 */,
				D365003514F077B000E7548F /* yes?.mp3 */,
			);
			path = takei;
			sourceTree = "<group>";
		};
		D3847C9414E9EE7100168E61 = {
			isa = PBXGroup;
			children = (
				D3FC2C4814F2F61800147F34 /* Default-Portrait~ipad.png */,
				D3FC2C4114F2F53200147F34 /* blue icon.png */,
				D33CA06614EB149F006A499B /* AVFoundation.framework */,
				D3847CA914E9EE7100168E61 /* AdventureBoard */,
				D3847CA214E9EE7100168E61 /* Frameworks */,
				D3847CA014E9EE7100168E61 /* Products */,
			);
			sourceTree = "<group>";
		};
		D3847CA014E9EE7100168E61 /* Products */ = {
			isa = PBXGroup;
			children = (
				D3847C9F14E9EE7100168E61 /* Takei Board.app */,
			);
			name = Products;
			sourceTree = "<group>";
		};
		D3847CA214E9EE7100168E61 /* Frameworks */ = {
			isa = PBXGroup;
			children = (
				D3847CA314E9EE7100168E61 /* UIKit.framework */,
				D3847CA514E9EE7100168E61 /* Foundation.framework */,
				D3847CA714E9EE7100168E61 /* CoreGraphics.framework */,
			);
			name = Frameworks;
			sourceTree = "<group>";
		};
		D3847CA914E9EE7100168E61 /* AdventureBoard */ = {
			isa = PBXGroup;
			children = (
				D338E47814F1AE1B0009EB81 /* AdventureBoard.entitlements */,
				D3847CB214E9EE7100168E61 /* AppDelegate.h */,
				D3847CB314E9EE7100168E61 /* AppDelegate.m */,
				D3847CB514E9EE7100168E61 /* ViewController.h */,
				D3847CB614E9EE7100168E61 /* ViewController.m */,
				D3847CB814E9EE7100168E61 /* ViewController.xib */,
				D3847CAA14E9EE7100168E61 /* Supporting Files */,
			);
			path = AdventureBoard;
			sourceTree = "<group>";
		};
		D3847CAA14E9EE7100168E61 /* Supporting Files */ = {
			isa = PBXGroup;
			children = (
				D365002A14F077B000E7548F /* takei */,
				D3847CAB14E9EE7100168E61 /* AdventureBoard-Info.plist */,
				D3847CAC14E9EE7100168E61 /* InfoPlist.strings */,
				D3847CAF14E9EE7100168E61 /* main.m */,
				D3847CB114E9EE7100168E61 /* AdventureBoard-Prefix.pch */,
			);
			name = "Supporting Files";
			sourceTree = "<group>";
		};
/* End PBXGroup section */

/* Begin PBXNativeTarget section */
		D3847C9E14E9EE7100168E61 /* Takei Board */ = {
			isa = PBXNativeTarget;
			buildConfigurationList = D3847CBD14E9EE7100168E61 /* Build configuration list for PBXNativeTarget "Takei Board" */;
			buildPhases = (
				D3847C9B14E9EE7100168E61 /* Sources */,
				D3847C9C14E9EE7100168E61 /* Frameworks */,
				D3847C9D14E9EE7100168E61 /* Resources */,
			);
			buildRules = (
			);
			dependencies = (
			);
			name = "Takei Board";
			productName = AdventureBoard;
			productReference = D3847C9F14E9EE7100168E61 /* Takei Board.app */;
			productType = "com.apple.product-type.application";
		};
/* End PBXNativeTarget section */

/* Begin PBXProject section */
		D3847C9614E9EE7100168E61 /* Project object */ = {
			isa = PBXProject;
			attributes = {
				LastUpgradeCheck = 0420;
			};
			buildConfigurationList = D3847C9914E9EE7100168E61 /* Build configuration list for PBXProject "AdventureBoard" */;
			compatibilityVersion = "Xcode 3.2";
			developmentRegion = English;
			hasScannedForEncodings = 0;
			knownRegions = (
				en,
			);
			mainGroup = D3847C9414E9EE7100168E61;
			productRefGroup = D3847CA014E9EE7100168E61 /* Products */;
			projectDirPath = "";
			projectRoot = "";
			targets = (
				D3847C9E14E9EE7100168E61 /* Takei Board */,
			);
		};
/* End PBXProject section */

/* Begin PBXResourcesBuildPhase section */
		D3847C9D14E9EE7100168E61 /* Resources */ = {
			isa = PBXResourcesBuildPhase;
			buildActionMask = 2147483647;
			files = (
				D3847CAE14E9EE7100168E61 /* InfoPlist.strings in Resources */,
				D3847CBA14E9EE7100168E61 /* ViewController.xib in Resources */,
				D365003614F077B000E7548F /* absolutely.mp3 in Resources */,
				D365003714F077B000E7548F /* hi.mp3 in Resources */,
				D365003814F077B000E7548F /* how are you.mp3 in Resources */,
				D365003914F077B000E7548F /* I did.mp3 in Resources */,
				D365003A14F077B000E7548F /* I guess so!.mp3 in Resources */,
				D365003B14F077B000E7548F /* I have!.mp3 in Resources */,
				D365003C14F077B000E7548F /* if I were not....mp3 in Resources */,
				D365003D14F077B000E7548F /* my goodness, yes.mp3 in Resources */,
				D365003E14F077B000E7548F /* no, I have not.mp3 in Resources */,
				D365003F14F077B000E7548F /* yes!.mp3 in Resources */,
				D365004014F077B000E7548F /* yes?.mp3 in Resources */,
				D3E327E414EDB97F00123746 /* nonplussed.gif in Resources */,
				D3E327E414EDB97F00123748 /* leading.gif in Resources */,
				D3E327E414EDB97F0012374A /* surprised.gif in Resources */,
				D3E327E414EDB97F0012374C /* visionary.jpg in Resources */,
				D3E327E414EDB97F0012374E /* content.gif in Resources */,
				D3E327E414EDB97F00123750 /* in studio.jpg in Resources */,
				D3E327E414EDB97F00123752 /* happy.jpg in Resources */,
				D3E327E414EDB97F00123754 /* screaming.jpg in Resources */,
				D3E327E414EDB97F00123756 /* trek.png in Resources */,
				D3E327E414EDB97F00123758 /* trek 2.png in Resources */,
				D3E327E414EDB97F0012375A /* futurama.png in Resources */,
				D3E327E414EDB97F0012375C /* haha 1.mp3 in Resources */,
				D3E327E414EDB97F0012375E /* haha 2.mp3 in Resources */,
				D3E327E414EDB97F00123760 /* haha 3.mp3 in Resources */,
				D3E327E414EDB97F00123762 /* haha 4.mp3 in Resources */,
				D3E327E414EDB97F00123764 /* haha 5.mp3 in Resources */,
				D3E327E414EDB97F00123766 /* haha 6.mp3 in Resources */,
				D3E327E414EDB97F00123768 /* haha 7.mp3 in Resources */,
				D3E327E414EDB97F0012376A /* haha 8.mp3 in Resources */,
				D3E327E414EDB97F0012376C /* haha 9.mp3 in Resources */,
				D3E327E414EDB97F0012376E /* haha 10.mp3 in Resources */,
				D3E327E414EDB97F00123770 /* haha 11.mp3 in Resources */,
				D3E327E414EDB97F00123772 /* haha 12.mp3 in Resources */,
				D3E327E414EDB97F00123774 /* haha 13.mp3 in Resources */,
				D3E327E414EDB97F00123776 /* haha 14.mp3 in Resources */,
				D3E327E414EDB97F00123778 /* haha 15.mp3 in Resources */,
				D3E327E414EDB97F0012377A /* and a big one.mp3 in Resources */,
				D3E327E414EDB97F0012377C /* ok let's hear it.mp3 in Resources */,
				D3E327E414EDB97F0012377E /* I don't mean it sexually.mp3 in Resources */,
				D3E327E414EDB97F00123780 /* the American way.mp3 in Resources */,
				D3E327E414EDB97F00123782 /* well I'm coming from a whole different perspective.mp3 in Resources */,
				D3E327E414EDB97F00123784 /* well I've certainly already paid more than 10 dollars.mp3 in Resources */,
				D3E327E414EDB97F00123786 /* what posessed you?.mp3 in Resources */,
				D3E327E414EDB97F00123788 /* that's what you get.mp3 in Resources */,
				D3E327E414EDB97F0012378A /* I see the soul of this man.mp3 in Resources */,
				D3E327E414EDB97F0012378C /* oh, I have been in love with him!.mp3 in Resources */,
				D3E327E414EDB97F0012378E /* I suspect that it's more substantial.mp3 in Resources */,
				D3E327E414EDB97F00123790 /* I think there may be a little bit of that.mp3 in Resources */,
				D3E327E414EDB97F00123792 /* it was very difficult to believe.mp3 in Resources */,
				D3E327E414EDB97F00123794 /* aren't you for equality?.mp3 in Resources */,
				D3E327E414EDB97F00123796 /* vivacity.mp3 in Resources */,
				D3E327E414EDB97F00123798 /* sexual oritentation.mp3 in Resources */,
				D3E327E414EDB97F0012379A /* sexually, yeah.mp3 in Resources */,
				D3E327E414EDB97F0012379C /* sensuality.mp3 in Resources */,
				D3E327E414EDB97F0012379E /* multi-lingual capacity.mp3 in Resources */,
				D3E327E414EDB97F001237A0 /* assets.mp3 in Resources */,
				D3E327E414EDB97F001237A2 /* character.mp3 in Resources */,
				D3E327E414EDB97F001237A4 /* macho.mp3 in Resources */,
				D3E327E414EDB97F001237A6 /* The Green Berets.mp3 in Resources */,
				D3E327E414EDB97F001237A8 /* Carmen.mp3 in Resources */,
				D3E327E414EDB97F001237AA /* Bobby Brown.mp3 in Resources */,
				D3E327E414EDB97F001237AC /* John Wayne.mp3 in Resources */,
				D3E327E414EDB97F001237AE /* I have high regard for his good taste.mp3 in Resources */,
				D3E327E414EDB97F001237B0 /* he was reading the newspaper.mp3 in Resources */,
				D3E327E414EDB97F001237B2 /* you're opinionated.mp3 in Resources */,
				D3E327E414EDB97F001237B6 /* embellish a little bit.mp3 in Resources */,
				D3E327E414EDB97F001237B8 /* of course I am.mp3 in Resources */,
				D3E327E414EDB97F001237BA /* you wanna say something?.mp3 in Resources */,
				D3E327E414EDB97F001237BC /* magnificent.mp3 in Resources */,
				D3E327E414EDB97F001237BE /* futurama 2.png in Resources */,
				D3FC2C4214F2F53200147F34 /* blue icon.png in Resources */,
				D3FC2C4914F2F61800147F34 /* Default-Portrait~ipad.png in Resources */,
				D3FC2C4B14F2FB2A00147F34 /* volume head.png in Resources */,
			);
			runOnlyForDeploymentPostprocessing = 0;
		};
/* End PBXResourcesBuildPhase section */

/* Begin PBXSourcesBuildPhase section */
		D3847C9B14E9EE7100168E61 /* Sources */ = {
			isa = PBXSourcesBuildPhase;
			buildActionMask = 2147483647;
			files = (
				D3847CB014E9EE7100168E61 /* main.m in Sources */,
				D3847CB414E9EE7100168E61 /* AppDelegate.m in Sources */,
				D3847CB714E9EE7100168E61 /* ViewController.m in Sources */,
			);
			runOnlyForDeploymentPostprocessing = 0;
		};
/* End PBXSourcesBuildPhase section */

/* Begin PBXVariantGroup section */
		D3847CAC14E9EE7100168E61 /* InfoPlist.strings */ = {
			isa = PBXVariantGroup;
			children = (
				D3847CAD14E9EE7100168E61 /* en */,
			);
			name = InfoPlist.strings;
			sourceTree = "<group>";
		};
		D3847CB814E9EE7100168E61 /* ViewController.xib */ = {
			isa = PBXVariantGroup;
			children = (
				D3847CB914E9EE7100168E61 /* en */,
			);
			name = ViewController.xib;
			sourceTree = "<group>";
		};
/* End PBXVariantGroup section */

/* Begin XCBuildConfiguration section */
		D3847CBB14E9EE7100168E61 /* Debug */ = {
			isa = XCBuildConfiguration;
			buildSettings = {
				ALWAYS_SEARCH_USER_PATHS = NO;
				ARCHS = "$(ARCHS_STANDARD_32_BIT)";
				CLANG_ENABLE_OBJC_ARC = YES;
				CODE_SIGN_IDENTITY = "iPhone Distribution";
				"CODE_SIGN_IDENTITY[sdk=iphoneos*]" = "iPhone Distribution";
				COPY_PHASE_STRIP = NO;
				GCC_C_LANGUAGE_STANDARD = gnu99;
				GCC_DYNAMIC_NO_PIC = NO;
				GCC_OPTIMIZATION_LEVEL = 0;
				GCC_PREPROCESSOR_DEFINITIONS = (
					"DEBUG=1",
					"$(inherited)",
				);
				GCC_SYMBOLS_PRIVATE_EXTERN = NO;
				GCC_VERSION = com.apple.compilers.llvm.clang.1_0;
				GCC_WARN_ABOUT_MISSING_PROTOTYPES = YES;
				GCC_WARN_ABOUT_RETURN_TYPE = YES;
				GCC_WARN_UNUSED_VARIABLE = YES;
				IPHONEOS_DEPLOYMENT_TARGET = 5.0;
				PRODUCT_NAME = TakeiBoard;
				PROVISIONING_PROFILE = "";
				"PROVISIONING_PROFILE[sdk=iphoneos*]" = "";
				SDKROOT = iphoneos;
				TARGETED_DEVICE_FAMILY = 2;
			};
			name = Debug;
		};
		D3847CBC14E9EE7100168E61 /* Release */ = {
			isa = XCBuildConfiguration;
			buildSettings = {
				ALWAYS_SEARCH_USER_PATHS = NO;
				ARCHS = "$(ARCHS_STANDARD_32_BIT)";
				CLANG_ENABLE_OBJC_ARC = YES;
				CODE_SIGN_IDENTITY = "iPhone Distribution";
				"CODE_SIGN_IDENTITY[sdk=iphoneos*]" = "iPhone Distribution";
				COPY_PHASE_STRIP = YES;
				GCC_C_LANGUAGE_STANDARD = gnu99;
				GCC_VERSION = com.apple.compilers.llvm.clang.1_0;
				GCC_WARN_ABOUT_MISSING_PROTOTYPES = YES;
				GCC_WARN_ABOUT_RETURN_TYPE = YES;
				GCC_WARN_UNUSED_VARIABLE = YES;
				IPHONEOS_DEPLOYMENT_TARGET = 5.0;
				OTHER_CFLAGS = "-DNS_BLOCK_ASSERTIONS=1";
				PRODUCT_NAME = TakeiBoard;
				PROVISIONING_PROFILE = "";
				"PROVISIONING_PROFILE[sdk=iphoneos*]" = "";
				SDKROOT = iphoneos;
				TARGETED_DEVICE_FAMILY = 2;
				VALIDATE_PRODUCT = YES;
			};
			name = Release;
		};
		D3847CBE14E9EE7100168E61 /* Debug */ = {
			isa = XCBuildConfiguration;
			buildSettings = {
				GCC_PRECOMPILE_PREFIX_HEADER = YES;
				GCC_PREFIX_HEADER = "AdventureBoard/AdventureBoard-Prefix.pch";
				INFOPLIST_FILE = "AdventureBoard/AdventureBoard-Info.plist";
				IPHONEOS_DEPLOYMENT_TARGET = 5.0;
				PRODUCT_NAME = "Takei Board";
				TARGETED_DEVICE_FAMILY = 2;
				WRAPPER_EXTENSION = app;
			};
			name = Debug;
		};
		D3847CBF14E9EE7100168E61 /* Release */ = {
			isa = XCBuildConfiguration;
			buildSettings = {
				GCC_PRECOMPILE_PREFIX_HEADER = YES;
				GCC_PREFIX_HEADER = "AdventureBoard/AdventureBoard-Prefix.pch";
				INFOPLIST_FILE = "AdventureBoard/AdventureBoard-Info.plist";
				IPHONEOS_DEPLOYMENT_TARGET = 5.0;
				PRODUCT_NAME = "Takei Board";
				TARGETED_DEVICE_FAMILY = 2;
				WRAPPER_EXTENSION = app;
			};
			name = Release;
		};
/* End XCBuildConfiguration section */

/* Begin XCConfigurationList section */
		D3847C9914E9EE7100168E61 /* Build configuration list for PBXProject "AdventureBoard" */ = {
			isa = XCConfigurationList;
			buildConfigurations = (
				D3847CBB14E9EE7100168E61 /* Debug */,
				D3847CBC14E9EE7100168E61 /* Release */,
			);
			defaultConfigurationIsVisible = 0;
			defaultConfigurationName = Release;
		};
		D3847CBD14E9EE7100168E61 /* Build configuration list for PBXNativeTarget "Takei Board" */ = {
			isa = XCConfigurationList;
			buildConfigurations = (
				D3847CBE14E9EE7100168E61 /* Debug */,
				D3847CBF14E9EE7100168E61 /* Release */,
			);
			defaultConfigurationIsVisible = 0;
			defaultConfigurationName = Release;
		};
/* End XCConfigurationList section */
	};
	rootObject = D3847C9614E9EE7100168E61 /* Project object */;
}
